// !$*UTF8*$!
{
	archiveVersion = 1;
	classes = {
	};
	objectVersion = 55;
	objects = {

/* Begin PBXBuildFile section */
		46EA6AE5289C096C00D862B1 /* ComparatorExampleApp.swift in Sources */ = {isa = PBXBuildFile; fileRef = 46EA6AE4289C096C00D862B1 /* ComparatorExampleApp.swift */; };
		46EA6AE9289C096D00D862B1 /* Assets.xcassets in Resources */ = {isa = PBXBuildFile; fileRef = 46EA6AE8289C096D00D862B1 /* Assets.xcassets */; };
		46EA6AEC289C096D00D862B1 /* Preview Assets.xcassets in Resources */ = {isa = PBXBuildFile; fileRef = 46EA6AEB289C096D00D862B1 /* Preview Assets.xcassets */; };
		46EA6AF4289C09C900D862B1 /* WhiteLabel - Comparator in Frameworks */ = {isa = PBXBuildFile; productRef = 46EA6AF3289C09C900D862B1 /* WhiteLabel - Comparator */; };
		46EA6AF6289C0A9F00D862B1 /* ContentView.swift in Sources */ = {isa = PBXBuildFile; fileRef = 46EA6AF5289C0A9F00D862B1 /* ContentView.swift */; };
		46EA6AF8289C0EA700D862B1 /* Color+Custom.swift in Sources */ = {isa = PBXBuildFile; fileRef = 46EA6AF7289C0EA700D862B1 /* Color+Custom.swift */; };
		46EA6AFB289C0F7000D862B1 /* SharedAssets.xcassets in Resources */ = {isa = PBXBuildFile; fileRef = 46EA6AF9289C0F6F00D862B1 /* SharedAssets.xcassets */; };
		46EA6AFC289C0F7000D862B1 /* Colors.xcassets in Resources */ = {isa = PBXBuildFile; fileRef = 46EA6AFA289C0F7000D862B1 /* Colors.xcassets */; };
/* End PBXBuildFile section */

/* Begin PBXFileReference section */
		46EA6AE1289C096C00D862B1 /* ComparatorExample.app */ = {isa = PBXFileReference; explicitFileType = wrapper.application; includeInIndex = 0; path = ComparatorExample.app; sourceTree = BUILT_PRODUCTS_DIR; };
		46EA6AE4289C096C00D862B1 /* ComparatorExampleApp.swift */ = {isa = PBXFileReference; lastKnownFileType = sourcecode.swift; path = ComparatorExampleApp.swift; sourceTree = "<group>"; };
		46EA6AE8289C096D00D862B1 /* Assets.xcassets */ = {isa = PBXFileReference; lastKnownFileType = folder.assetcatalog; path = Assets.xcassets; sourceTree = "<group>"; };
		46EA6AEB289C096D00D862B1 /* Preview Assets.xcassets */ = {isa = PBXFileReference; lastKnownFileType = folder.assetcatalog; path = "Preview Assets.xcassets"; sourceTree = "<group>"; };
		46EA6AF5289C0A9F00D862B1 /* ContentView.swift */ = {isa = PBXFileReference; fileEncoding = 4; lastKnownFileType = sourcecode.swift; path = ContentView.swift; sourceTree = "<group>"; };
		46EA6AF7289C0EA700D862B1 /* Color+Custom.swift */ = {isa = PBXFileReference; lastKnownFileType = sourcecode.swift; path = "Color+Custom.swift"; sourceTree = "<group>"; };
		46EA6AF9289C0F6F00D862B1 /* SharedAssets.xcassets */ = {isa = PBXFileReference; lastKnownFileType = folder.assetcatalog; path = SharedAssets.xcassets; sourceTree = "<group>"; };
		46EA6AFA289C0F7000D862B1 /* Colors.xcassets */ = {isa = PBXFileReference; lastKnownFileType = folder.assetcatalog; path = Colors.xcassets; sourceTree = "<group>"; };
/* End PBXFileReference section */

/* Begin PBXFrameworksBuildPhase section */
		46EA6ADE289C096C00D862B1 /* Frameworks */ = {
			isa = PBXFrameworksBuildPhase;
			buildActionMask = 2147483647;
			files = (
				46EA6AF4289C09C900D862B1 /* WhiteLabel - Comparator in Frameworks */,
			);
			runOnlyForDeploymentPostprocessing = 0;
		};
/* End PBXFrameworksBuildPhase section */

/* Begin PBXGroup section */
		46EA6AD8289C096C00D862B1 = {
			isa = PBXGroup;
			children = (
				46EA6AE3289C096C00D862B1 /* ComparatorExample */,
				46EA6AE2289C096C00D862B1 /* Products */,
			);
			sourceTree = "<group>";
		};
		46EA6AE2289C096C00D862B1 /* Products */ = {
			isa = PBXGroup;
			children = (
				46EA6AE1289C096C00D862B1 /* ComparatorExample.app */,
			);
			name = Products;
			sourceTree = "<group>";
		};
		46EA6AE3289C096C00D862B1 /* ComparatorExample */ = {
			isa = PBXGroup;
			children = (
				46EA6AFA289C0F7000D862B1 /* Colors.xcassets */,
				46EA6AF9289C0F6F00D862B1 /* SharedAssets.xcassets */,
				46EA6AF5289C0A9F00D862B1 /* ContentView.swift */,
				46EA6AE4289C096C00D862B1 /* ComparatorExampleApp.swift */,
				46EA6AE8289C096D00D862B1 /* Assets.xcassets */,
				46EA6AEA289C096D00D862B1 /* Preview Content */,
				46EA6AF7289C0EA700D862B1 /* Color+Custom.swift */,
			);
			path = ComparatorExample;
			sourceTree = "<group>";
		};
		46EA6AEA289C096D00D862B1 /* Preview Content */ = {
			isa = PBXGroup;
			children = (
				46EA6AEB289C096D00D862B1 /* Preview Assets.xcassets */,
			);
			path = "Preview Content";
			sourceTree = "<group>";
		};
/* End PBXGroup section */

/* Begin PBXNativeTarget section */
		46EA6AE0289C096C00D862B1 /* ComparatorExample */ = {
			isa = PBXNativeTarget;
			buildConfigurationList = 46EA6AEF289C096D00D862B1 /* Build configuration list for PBXNativeTarget "ComparatorExample" */;
			buildPhases = (
				46EA6ADD289C096C00D862B1 /* Sources */,
				46EA6ADE289C096C00D862B1 /* Frameworks */,
				46EA6ADF289C096C00D862B1 /* Resources */,
			);
			buildRules = (
			);
			dependencies = (
			);
			name = ComparatorExample;
			packageProductDependencies = (
				46EA6AF3289C09C900D862B1 /* WhiteLabel - Comparator */,
			);
			productName = ComparatorExample;
			productReference = 46EA6AE1289C096C00D862B1 /* ComparatorExample.app */;
			productType = "com.apple.product-type.application";
		};
/* End PBXNativeTarget section */

/* Begin PBXProject section */
		46EA6AD9289C096C00D862B1 /* Project object */ = {
			isa = PBXProject;
			attributes = {
				BuildIndependentTargetsInParallel = 1;
				LastSwiftUpdateCheck = 1330;
				LastUpgradeCheck = 1330;
				TargetAttributes = {
					46EA6AE0289C096C00D862B1 = {
						CreatedOnToolsVersion = 13.3.1;
					};
				};
			};
			buildConfigurationList = 46EA6ADC289C096C00D862B1 /* Build configuration list for PBXProject "ComparatorExample" */;
			compatibilityVersion = "Xcode 13.0";
			developmentRegion = en;
			hasScannedForEncodings = 0;
			knownRegions = (
				en,
				Base,
			);
			mainGroup = 46EA6AD8289C096C00D862B1;
			packageReferences = (
				46EA6AF2289C09C900D862B1 /* XCRemoteSwiftPackageReference "WhiteLabel---Comparator" */,
			);
			productRefGroup = 46EA6AE2289C096C00D862B1 /* Products */;
			projectDirPath = "";
			projectRoot = "";
			targets = (
				46EA6AE0289C096C00D862B1 /* ComparatorExample */,
			);
		};
/* End PBXProject section */

/* Begin PBXResourcesBuildPhase section */
		46EA6ADF289C096C00D862B1 /* Resources */ = {
			isa = PBXResourcesBuildPhase;
			buildActionMask = 2147483647;
			files = (
				46EA6AFB289C0F7000D862B1 /* SharedAssets.xcassets in Resources */,
				46EA6AFC289C0F7000D862B1 /* Colors.xcassets in Resources */,
				46EA6AEC289C096D00D862B1 /* Preview Assets.xcassets in Resources */,
				46EA6AE9289C096D00D862B1 /* Assets.xcassets in Resources */,
			);
			runOnlyForDeploymentPostprocessing = 0;
		};
/* End PBXResourcesBuildPhase section */

/* Begin PBXSourcesBuildPhase section */
		46EA6ADD289C096C00D862B1 /* Sources */ = {
			isa = PBXSourcesBuildPhase;
			buildActionMask = 2147483647;
			files = (
				46EA6AF8289C0EA700D862B1 /* Color+Custom.swift in Sources */,
				46EA6AF6289C0A9F00D862B1 /* ContentView.swift in Sources */,
				46EA6AE5289C096C00D862B1 /* ComparatorExampleApp.swift in Sources */,
			);
			runOnlyForDeploymentPostprocessing = 0;
		};
/* End PBXSourcesBuildPhase section */

/* Begin XCBuildConfiguration section */
		46EA6AED289C096D00D862B1 /* Debug */ = {
			isa = XCBuildConfiguration;
			buildSettings = {
				ALWAYS_SEARCH_USER_PATHS = NO;
				CLANG_ANALYZER_NONNULL = YES;
				CLANG_ANALYZER_NUMBER_OBJECT_CONVERSION = YES_AGGRESSIVE;
				CLANG_CXX_LANGUAGE_STANDARD = "gnu++17";
				CLANG_ENABLE_MODULES = YES;
				CLANG_ENABLE_OBJC_ARC = YES;
				CLANG_ENABLE_OBJC_WEAK = YES;
				CLANG_WARN_BLOCK_CAPTURE_AUTORELEASING = YES;
				CLANG_WARN_BOOL_CONVERSION = YES;
				CLANG_WARN_COMMA = YES;
				CLANG_WARN_CONSTANT_CONVERSION = YES;
				CLANG_WARN_DEPRECATED_OBJC_IMPLEMENTATIONS = YES;
				CLANG_WARN_DIRECT_OBJC_ISA_USAGE = YES_ERROR;
				CLANG_WARN_DOCUMENTATION_COMMENTS = YES;
				CLANG_WARN_EMPTY_BODY = YES;
				CLANG_WARN_ENUM_CONVERSION = YES;
				CLANG_WARN_INFINITE_RECURSION = YES;
				CLANG_WARN_INT_CONVERSION = YES;
				CLANG_WARN_NON_LITERAL_NULL_CONVERSION = YES;
				CLANG_WARN_OBJC_IMPLICIT_RETAIN_SELF = YES;
				CLANG_WARN_OBJC_LITERAL_CONVERSION = YES;
				CLANG_WARN_OBJC_ROOT_CLASS = YES_ERROR;
				CLANG_WARN_QUOTED_INCLUDE_IN_FRAMEWORK_HEADER = YES;
				CLANG_WARN_RANGE_LOOP_ANALYSIS = YES;
				CLANG_WARN_STRICT_PROTOTYPES = YES;
				CLANG_WARN_SUSPICIOUS_MOVE = YES;
				CLANG_WARN_UNGUARDED_AVAILABILITY = YES_AGGRESSIVE;
				CLANG_WARN_UNREACHABLE_CODE = YES;
				CLANG_WARN__DUPLICATE_METHOD_MATCH = YES;
				COPY_PHASE_STRIP = NO;
				DEBUG_INFORMATION_FORMAT = dwarf;
				ENABLE_STRICT_OBJC_MSGSEND = YES;
				ENABLE_TESTABILITY = YES;
				GCC_C_LANGUAGE_STANDARD = gnu11;
				GCC_DYNAMIC_NO_PIC = NO;
				GCC_NO_COMMON_BLOCKS = YES;
				GCC_OPTIMIZATION_LEVEL = 0;
				GCC_PREPROCESSOR_DEFINITIONS = (
					"DEBUG=1",
					"$(inherited)",
				);
				GCC_WARN_64_TO_32_BIT_CONVERSION = YES;
				GCC_WARN_ABOUT_RETURN_TYPE = YES_ERROR;
				GCC_WARN_UNDECLARED_SELECTOR = YES;
				GCC_WARN_UNINITIALIZED_AUTOS = YES_AGGRESSIVE;
				GCC_WARN_UNUSED_FUNCTION = YES;
				GCC_WARN_UNUSED_VARIABLE = YES;
				IPHONEOS_DEPLOYMENT_TARGET = 14.0;
				MTL_ENABLE_DEBUG_INFO = INCLUDE_SOURCE;
				MTL_FAST_MATH = YES;
				ONLY_ACTIVE_ARCH = YES;
				SDKROOT = iphoneos;
				SWIFT_ACTIVE_COMPILATION_CONDITIONS = DEBUG;
				SWIFT_OPTIMIZATION_LEVEL = "-Onone";
			};
			name = Debug;
		};
		46EA6AEE289C096D00D862B1 /* Release */ = {
			isa = XCBuildConfiguration;
			buildSettings = {
				ALWAYS_SEARCH_USER_PATHS = NO;
				CLANG_ANALYZER_NONNULL = YES;
				CLANG_ANALYZER_NUMBER_OBJECT_CONVERSION = YES_AGGRESSIVE;
				CLANG_CXX_LANGUAGE_STANDARD = "gnu++17";
				CLANG_ENABLE_MODULES = YES;
				CLANG_ENABLE_OBJC_ARC = YES;
				CLANG_ENABLE_OBJC_WEAK = YES;
				CLANG_WARN_BLOCK_CAPTURE_AUTORELEASING = YES;
				CLANG_WARN_BOOL_CONVERSION = YES;
				CLANG_WARN_COMMA = YES;
				CLANG_WARN_CONSTANT_CONVERSION = YES;
				CLANG_WARN_DEPRECATED_OBJC_IMPLEMENTATIONS = YES;
				CLANG_WARN_DIRECT_OBJC_ISA_USAGE = YES_ERROR;
				CLANG_WARN_DOCUMENTATION_COMMENTS = YES;
				CLANG_WARN_EMPTY_BODY = YES;
				CLANG_WARN_ENUM_CONVERSION = YES;
				CLANG_WARN_INFINITE_RECURSION = YES;
				CLANG_WARN_INT_CONVERSION = YES;
				CLANG_WARN_NON_LITERAL_NULL_CONVERSION = YES;
				CLANG_WARN_OBJC_IMPLICIT_RETAIN_SELF = YES;
				CLANG_WARN_OBJC_LITERAL_CONVERSION = YES;
				CLANG_WARN_OBJC_ROOT_CLASS = YES_ERROR;
				CLANG_WARN_QUOTED_INCLUDE_IN_FRAMEWORK_HEADER = YES;
				CLANG_WARN_RANGE_LOOP_ANALYSIS = YES;
				CLANG_WARN_STRICT_PROTOTYPES = YES;
				CLANG_WARN_SUSPICIOUS_MOVE = YES;
				CLANG_WARN_UNGUARDED_AVAILABILITY = YES_AGGRESSIVE;
				CLANG_WARN_UNREACHABLE_CODE = YES;
				CLANG_WARN__DUPLICATE_METHOD_MATCH = YES;
				COPY_PHASE_STRIP = NO;
				DEBUG_INFORMATION_FORMAT = "dwarf-with-dsym";
				ENABLE_NS_ASSERTIONS = NO;
				ENABLE_STRICT_OBJC_MSGSEND = YES;
				GCC_C_LANGUAGE_STANDARD = gnu11;
				GCC_NO_COMMON_BLOCKS = YES;
				GCC_WARN_64_TO_32_BIT_CONVERSION = YES;
				GCC_WARN_ABOUT_RETURN_TYPE = YES_ERROR;
				GCC_WARN_UNDECLARED_SELECTOR = YES;
				GCC_WARN_UNINITIALIZED_AUTOS = YES_AGGRESSIVE;
				GCC_WARN_UNUSED_FUNCTION = YES;
				GCC_WARN_UNUSED_VARIABLE = YES;
				IPHONEOS_DEPLOYMENT_TARGET = 14.0;
				MTL_ENABLE_DEBUG_INFO = NO;
				MTL_FAST_MATH = YES;
				SDKROOT = iphoneos;
				SWIFT_COMPILATION_MODE = wholemodule;
				SWIFT_OPTIMIZATION_LEVEL = "-O";
				VALIDATE_PRODUCT = YES;
			};
			name = Release;
		};
		46EA6AF0289C096D00D862B1 /* Debug */ = {
			isa = XCBuildConfiguration;
			buildSettings = {
				ASSETCATALOG_COMPILER_APPICON_NAME = AppIcon;
				ASSETCATALOG_COMPILER_GLOBAL_ACCENT_COLOR_NAME = AccentColor;
				CODE_SIGN_STYLE = Automatic;
				CURRENT_PROJECT_VERSION = 1;
				DEVELOPMENT_ASSET_PATHS = "\"ComparatorExample/Preview Content\"";
				DEVELOPMENT_TEAM = G34A8V9PN5;
				ENABLE_PREVIEWS = YES;
				GENERATE_INFOPLIST_FILE = YES;
				INFOPLIST_KEY_UIApplicationSceneManifest_Generation = YES;
				INFOPLIST_KEY_UIApplicationSupportsIndirectInputEvents = YES;
				INFOPLIST_KEY_UILaunchScreen_Generation = YES;
				INFOPLIST_KEY_UISupportedInterfaceOrientations = UIInterfaceOrientationPortrait;
				INFOPLIST_KEY_UISupportedInterfaceOrientations_iPad = "UIInterfaceOrientationPortrait UIInterfaceOrientationPortraitUpsideDown UIInterfaceOrientationLandscapeLeft UIInterfaceOrientationLandscapeRight";
				INFOPLIST_KEY_UISupportedInterfaceOrientations_iPhone = "UIInterfaceOrientationPortrait UIInterfaceOrientationLandscapeLeft UIInterfaceOrientationLandscapeRight";
				IPHONEOS_DEPLOYMENT_TARGET = 14.0;
				LD_RUNPATH_SEARCH_PATHS = (
					"$(inherited)",
					"@executable_path/Frameworks",
				);
				MARKETING_VERSION = 1.0;
				PRODUCT_BUNDLE_IDENTIFIER = "com.tiago-moreira.ComparatorExample";
				PRODUCT_NAME = "$(TARGET_NAME)";
				SWIFT_EMIT_LOC_STRINGS = YES;
				SWIFT_VERSION = 5.0;
				TARGETED_DEVICE_FAMILY = 1;
			};
			name = Debug;
		};
		46EA6AF1289C096D00D862B1 /* Release */ = {
			isa = XCBuildConfiguration;
			buildSettings = {
				ASSETCATALOG_COMPILER_APPICON_NAME = AppIcon;
				ASSETCATALOG_COMPILER_GLOBAL_ACCENT_COLOR_NAME = AccentColor;
				CODE_SIGN_STYLE = Automatic;
				CURRENT_PROJECT_VERSION = 1;
				DEVELOPMENT_ASSET_PATHS = "\"ComparatorExample/Preview Content\"";
				DEVELOPMENT_TEAM = G34A8V9PN5;
				ENABLE_PREVIEWS = YES;
				GENERATE_INFOPLIST_FILE = YES;
				INFOPLIST_KEY_UIApplicationSceneManifest_Generation = YES;
				INFOPLIST_KEY_UIApplicationSupportsIndirectInputEvents = YES;
				INFOPLIST_KEY_UILaunchScreen_Generation = YES;
				INFOPLIST_KEY_UISupportedInterfaceOrientations = UIInterfaceOrientationPortrait;
				INFOPLIST_KEY_UISupportedInterfaceOrientations_iPad = "UIInterfaceOrientationPortrait UIInterfaceOrientationPortraitUpsideDown UIInterfaceOrientationLandscapeLeft UIInterfaceOrientationLandscapeRight";
				INFOPLIST_KEY_UISupportedInterfaceOrientations_iPhone = "UIInterfaceOrientationPortrait UIInterfaceOrientationLandscapeLeft UIInterfaceOrientationLandscapeRight";
				IPHONEOS_DEPLOYMENT_TARGET = 14.0;
				LD_RUNPATH_SEARCH_PATHS = (
					"$(inherited)",
					"@executable_path/Frameworks",
				);
				MARKETING_VERSION = 1.0;
				PRODUCT_BUNDLE_IDENTIFIER = "com.tiago-moreira.ComparatorExample";
				PRODUCT_NAME = "$(TARGET_NAME)";
				SWIFT_EMIT_LOC_STRINGS = YES;
				SWIFT_VERSION = 5.0;
				TARGETED_DEVICE_FAMILY = 1;
			};
			name = Release;
		};
/* End XCBuildConfiguration section */

/* Begin XCConfigurationList section */
		46EA6ADC289C096C00D862B1 /* Build configuration list for PBXProject "ComparatorExample" */ = {
			isa = XCConfigurationList;
			buildConfigurations = (
				46EA6AED289C096D00D862B1 /* Debug */,
				46EA6AEE289C096D00D862B1 /* Release */,
			);
			defaultConfigurationIsVisible = 0;
			defaultConfigurationName = Release;
		};
		46EA6AEF289C096D00D862B1 /* Build configuration list for PBXNativeTarget "ComparatorExample" */ = {
			isa = XCConfigurationList;
			buildConfigurations = (
				46EA6AF0289C096D00D862B1 /* Debug */,
				46EA6AF1289C096D00D862B1 /* Release */,
			);
			defaultConfigurationIsVisible = 0;
			defaultConfigurationName = Release;
		};
/* End XCConfigurationList section */

/* Begin XCRemoteSwiftPackageReference section */
		46EA6AF2289C09C900D862B1 /* XCRemoteSwiftPackageReference "WhiteLabel---Comparator" */ = {
			isa = XCRemoteSwiftPackageReference;
			repositoryURL = "https://github.com/b7anka/WhiteLabel---Comparator";
			requirement = {
				branch = main;
				kind = branch;
			};
		};
/* End XCRemoteSwiftPackageReference section */

/* Begin XCSwiftPackageProductDependency section */
		46EA6AF3289C09C900D862B1 /* WhiteLabel - Comparator */ = {
			isa = XCSwiftPackageProductDependency;
			package = 46EA6AF2289C09C900D862B1 /* XCRemoteSwiftPackageReference "WhiteLabel---Comparator" */;
			productName = "WhiteLabel - Comparator";
		};
/* End XCSwiftPackageProductDependency section */
	};
	rootObject = 46EA6AD9289C096C00D862B1 /* Project object */;
}
